// !$*UTF8*$!
{
	archiveVersion = 1;
	classes = {
	};
	objectVersion = 46;
	objects = {

/* Begin PBXBuildFile section */
		EE21B70B1D8D109500B34857 /* AppDelegate.swift in Sources */ = {isa = PBXBuildFile; fileRef = EE21B70A1D8D109500B34857 /* AppDelegate.swift */; };
		EE21B70D1D8D109500B34857 /* ViewController.swift in Sources */ = {isa = PBXBuildFile; fileRef = EE21B70C1D8D109500B34857 /* ViewController.swift */; };
		EE21B7101D8D109500B34857 /* Main.storyboard in Resources */ = {isa = PBXBuildFile; fileRef = EE21B70E1D8D109500B34857 /* Main.storyboard */; };
		EE21B7121D8D109500B34857 /* Assets.xcassets in Resources */ = {isa = PBXBuildFile; fileRef = EE21B7111D8D109500B34857 /* Assets.xcassets */; };
		EE21B7151D8D109500B34857 /* LaunchScreen.storyboard in Resources */ = {isa = PBXBuildFile; fileRef = EE21B7131D8D109500B34857 /* LaunchScreen.storyboard */; };
/* End PBXBuildFile section */

/* Begin PBXFileReference section */
		EE21B7071D8D109500B34857 /* iOSCoreDataExistingProject.app */ = {isa = PBXFileReference; explicitFileType = wrapper.application; includeInIndex = 0; path = iOSCoreDataExistingProject.app; sourceTree = BUILT_PRODUCTS_DIR; };
		EE21B70A1D8D109500B34857 /* AppDelegate.swift */ = {isa = PBXFileReference; lastKnownFileType = sourcecode.swift; path = AppDelegate.swift; sourceTree = "<group>"; };
		EE21B70C1D8D109500B34857 /* ViewController.swift */ = {isa = PBXFileReference; lastKnownFileType = sourcecode.swift; path = ViewController.swift; sourceTree = "<group>"; };
		EE21B70F1D8D109500B34857 /* Base */ = {isa = PBXFileReference; lastKnownFileType = file.storyboard; name = Base; path = Base.lproj/Main.storyboard; sourceTree = "<group>"; };
		EE21B7111D8D109500B34857 /* Assets.xcassets */ = {isa = PBXFileReference; lastKnownFileType = folder.assetcatalog; path = Assets.xcassets; sourceTree = "<group>"; };
		EE21B7141D8D109500B34857 /* Base */ = {isa = PBXFileReference; lastKnownFileType = file.storyboard; name = Base; path = Base.lproj/LaunchScreen.storyboard; sourceTree = "<group>"; };
		EE21B7161D8D109500B34857 /* Info.plist */ = {isa = PBXFileReference; lastKnownFileType = text.plist.xml; path = Info.plist; sourceTree = "<group>"; };
/* End PBXFileReference section */

/* Begin PBXFrameworksBuildPhase section */
		EE21B7041D8D109500B34857 /* Frameworks */ = {
			isa = PBXFrameworksBuildPhase;
			buildActionMask = 2147483647;
			files = (
			);
			runOnlyForDeploymentPostprocessing = 0;
		};
/* End PBXFrameworksBuildPhase section */

/* Begin PBXGroup section */
		EE21B6FE1D8D109500B34857 = {
			isa = PBXGroup;
			children = (
				EE21B7091D8D109500B34857 /* iOSCoreDataExistingProject */,
				EE21B7081D8D109500B34857 /* Products */,
			);
			sourceTree = "<group>";
		};
		EE21B7081D8D109500B34857 /* Products */ = {
			isa = PBXGroup;
			children = (
				EE21B7071D8D109500B34857 /* iOSCoreDataExistingProject.app */,
			);
			name = Products;
			sourceTree = "<group>";
		};
		EE21B7091D8D109500B34857 /* iOSCoreDataExistingProject */ = {
			isa = PBXGroup;
			children = (
				EE21B70A1D8D109500B34857 /* AppDelegate.swift */,
				EE21B70C1D8D109500B34857 /* ViewController.swift */,
				EE21B70E1D8D109500B34857 /* Main.storyboard */,
				EE21B7111D8D109500B34857 /* Assets.xcassets */,
				EE21B7131D8D109500B34857 /* LaunchScreen.storyboard */,
				EE21B7161D8D109500B34857 /* Info.plist */,
			);
			path = iOSCoreDataExistingProject;
			sourceTree = "<group>";
		};
/* End PBXGroup section */

/* Begin PBXNativeTarget section */
		EE21B7061D8D109500B34857 /* iOSCoreDataExistingProject */ = {
			isa = PBXNativeTarget;
			buildConfigurationList = EE21B7191D8D109500B34857 /* Build configuration list for PBXNativeTarget "iOSCoreDataExistingProject" */;
			buildPhases = (
				EE21B7031D8D109500B34857 /* Sources */,
				EE21B7041D8D109500B34857 /* Frameworks */,
				EE21B7051D8D109500B34857 /* Resources */,
			);
			buildRules = (
			);
			dependencies = (
			);
			name = iOSCoreDataExistingProject;
			productName = iOSCoreDataExistingProject;
			productReference = EE21B7071D8D109500B34857 /* iOSCoreDataExistingProject.app */;
			productType = "com.apple.product-type.application";
		};
/* End PBXNativeTarget section */

/* Begin PBXProject section */
		EE21B6FF1D8D109500B34857 /* Project object */ = {
			isa = PBXProject;
			attributes = {
				LastSwiftUpdateCheck = 0730;
				LastUpgradeCheck = 0730;
				ORGANIZATIONNAME = Chotipat;
				TargetAttributes = {
					EE21B7061D8D109500B34857 = {
						CreatedOnToolsVersion = 7.3.1;
					};
				};
			};
			buildConfigurationList = EE21B7021D8D109500B34857 /* Build configuration list for PBXProject "iOSCoreDataExistingProject" */;
			compatibilityVersion = "Xcode 3.2";
			developmentRegion = English;
			hasScannedForEncodings = 0;
			knownRegions = (
				en,
				Base,
			);
			mainGroup = EE21B6FE1D8D109500B34857;
			productRefGroup = EE21B7081D8D109500B34857 /* Products */;
			projectDirPath = "";
			projectRoot = "";
			targets = (
				EE21B7061D8D109500B34857 /* iOSCoreDataExistingProject */,
			);
		};
/* End PBXProject section */

/* Begin PBXResourcesBuildPhase section */
		EE21B7051D8D109500B34857 /* Resources */ = {
			isa = PBXResourcesBuildPhase;
			buildActionMask = 2147483647;
			files = (
				EE21B7151D8D109500B34857 /* LaunchScreen.storyboard in Resources */,
				EE21B7121D8D109500B34857 /* Assets.xcassets in Resources */,
				EE21B7101D8D109500B34857 /* Main.storyboard in Resources */,
			);
			runOnlyForDeploymentPostprocessing = 0;
		};
/* End PBXResourcesBuildPhase section */

/* Begin PBXSourcesBuildPhase section */
		EE21B7031D8D109500B34857 /* Sources */ = {
			isa = PBXSourcesBuildPhase;
			buildActionMask = 2147483647;
			files = (
				EE21B70D1D8D109500B34857 /* ViewController.swift in Sources */,
				EE21B70B1D8D109500B34857 /* AppDelegate.swift in Sources */,
			);
			runOnlyForDeploymentPostprocessing = 0;
		};
/* End PBXSourcesBuildPhase section */

/* Begin PBXVariantGroup section */
		EE21B70E1D8D109500B34857 /* Main.storyboard */ = {
			isa = PBXVariantGroup;
			children = (
				EE21B70F1D8D109500B34857 /* Base */,
			);
			name = Main.storyboard;
			sourceTree = "<group>";
		};
		EE21B7131D8D109500B34857 /* LaunchScreen.storyboard */ = {
			isa = PBXVariantGroup;
			children = (
				EE21B7141D8D109500B34857 /* Base */,
			);
			name = LaunchScreen.storyboard;
			sourceTree = "<group>";
		};
/* End PBXVariantGroup section */

/* Begin XCBuildConfiguration section */
		EE21B7171D8D109500B34857 /* Debug */ = {
			isa = XCBuildConfiguration;
			buildSettings = {
				ALWAYS_SEARCH_USER_PATHS = NO;
				CLANG_ANALYZER_NONNULL = YES;
				CLANG_CXX_LANGUAGE_STANDARD = "gnu++0x";
				CLANG_CXX_LIBRARY = "libc++";
				CLANG_ENABLE_MODULES = YES;
				CLANG_ENABLE_OBJC_ARC = YES;
				CLANG_WARN_BOOL_CONVERSION = YES;
				CLANG_WARN_CONSTANT_CONVERSION = YES;
				CLANG_WARN_DIRECT_OBJC_ISA_USAGE = YES_ERROR;
				CLANG_WARN_EMPTY_BODY = YES;
				CLANG_WARN_ENUM_CONVERSION = YES;
				CLANG_WARN_INT_CONVERSION = YES;
				CLANG_WARN_OBJC_ROOT_CLASS = YES_ERROR;
				CLANG_WARN_UNREACHABLE_CODE = YES;
				CLANG_WARN__DUPLICATE_METHOD_MATCH = YES;
				"CODE_SIGN_IDENTITY[sdk=iphoneos*]" = "iPhone Developer";
				COPY_PHASE_STRIP = NO;
				DEBUG_INFORMATION_FORMAT = dwarf;
				ENABLE_STRICT_OBJC_MSGSEND = YES;
				ENABLE_TESTABILITY = YES;
				GCC_C_LANGUAGE_STANDARD = gnu99;
				GCC_DYNAMIC_NO_PIC = NO;
				GCC_NO_COMMON_BLOCKS = YES;
				GCC_OPTIMIZATION_LEVEL = 0;
				GCC_PREPROCESSOR_DEFINITIONS = (
					"DEBUG=1",
					"$(inherited)",
				);
				GCC_WARN_64_TO_32_BIT_CONVERSION = YES;
				GCC_WARN_ABOUT_RETURN_TYPE = YES_ERROR;
				GCC_WARN_UNDECLARED_SELECTOR = YES;
				GCC_WARN_UNINITIALIZED_AUTOS = YES_AGGRESSIVE;
				GCC_WARN_UNUSED_FUNCTION = YES;
				GCC_WARN_UNUSED_VARIABLE = YES;
				IPHONEOS_DEPLOYMENT_TARGET = 9.3;
				MTL_ENABLE_DEBUG_INFO = YES;
				ONLY_ACTIVE_ARCH = YES;
				SDKROOT = iphoneos;
				SWIFT_OPTIMIZATION_LEVEL = "-Onone";
			};
			name = Debug;
		};
		EE21B7181D8D109500B34857 /* Release */ = {
			isa = XCBuildConfiguration;
			buildSettings = {
				ALWAYS_SEARCH_USER_PATHS = NO;
				CLANG_ANALYZER_NONNULL = YES;
				CLANG_CXX_LANGUAGE_STANDARD = "gnu++0x";
				CLANG_CXX_LIBRARY = "libc++";
				CLANG_ENABLE_MODULES = YES;
				CLANG_ENABLE_OBJC_ARC = YES;
				CLANG_WARN_BOOL_CONVERSION = YES;
				CLANG_WARN_CONSTANT_CONVERSION = YES;
				CLANG_WARN_DIRECT_OBJC_ISA_USAGE = YES_ERROR;
				CLANG_WARN_EMPTY_BODY = YES;
				CLANG_WARN_ENUM_CONVERSION = YES;
				CLANG_WARN_INT_CONVERSION = YES;
				CLANG_WARN_OBJC_ROOT_CLASS = YES_ERROR;
				CLANG_WARN_UNREACHABLE_CODE = YES;
				CLANG_WARN__DUPLICATE_METHOD_MATCH = YES;
				"CODE_SIGN_IDENTITY[sdk=iphoneos*]" = "iPhone Developer";
				COPY_PHASE_STRIP = NO;
				DEBUG_INFORMATION_FORMAT = "dwarf-with-dsym";
				ENABLE_NS_ASSERTIONS = NO;
				ENABLE_STRICT_OBJC_MSGSEND = YES;
				GCC_C_LANGUAGE_STANDARD = gnu99;
				GCC_NO_COMMON_BLOCKS = YES;
				GCC_WARN_64_TO_32_BIT_CONVERSION = YES;
				GCC_WARN_ABOUT_RETURN_TYPE = YES_ERROR;
				GCC_WARN_UNDECLARED_SELECTOR = YES;
				GCC_WARN_UNINITIALIZED_AUTOS = YES_AGGRESSIVE;
				GCC_WARN_UNUSED_FUNCTION = YES;
				GCC_WARN_UNUSED_VARIABLE = YES;
				IPHONEOS_DEPLOYMENT_TARGET = 9.3;
				MTL_ENABLE_DEBUG_INFO = NO;
				SDKROOT = iphoneos;
				VALIDATE_PRODUCT = YES;
			};
			name = Release;
		};
		EE21B71A1D8D109500B34857 /* Debug */ = {
			isa = XCBuildConfiguration;
			buildSettings = {
				ASSETCATALOG_COMPILER_APPICON_NAME = AppIcon;
				INFOPLIST_FILE = iOSCoreDataExistingProject/Info.plist;
				LD_RUNPATH_SEARCH_PATHS = "$(inherited) @executable_path/Frameworks";
				PRODUCT_BUNDLE_IDENTIFIER = io.topclassic.iOSCoreDataExistingProject;
				PRODUCT_NAME = "$(TARGET_NAME)";
			};
			name = Debug;
		};
		EE21B71B1D8D109500B34857 /* Release */ = {
			isa = XCBuildConfiguration;
			buildSettings = {
				ASSETCATALOG_COMPILER_APPICON_NAME = AppIcon;
				INFOPLIST_FILE = iOSCoreDataExistingProject/Info.plist;
				LD_RUNPATH_SEARCH_PATHS = "$(inherited) @executable_path/Frameworks";
				PRODUCT_BUNDLE_IDENTIFIER = io.topclassic.iOSCoreDataExistingProject;
				PRODUCT_NAME = "$(TARGET_NAME)";
			};
			name = Release;
		};
/* End XCBuildConfiguration section */

/* Begin XCConfigurationList section */
		EE21B7021D8D109500B34857 /* Build configuration list for PBXProject "iOSCoreDataExistingProject" */ = {
			isa = XCConfigurationList;
			buildConfigurations = (
				EE21B7171D8D109500B34857 /* Debug */,
				EE21B7181D8D109500B34857 /* Release */,
			);
			defaultConfigurationIsVisible = 0;
			defaultConfigurationName = Release;
		};
		EE21B7191D8D109500B34857 /* Build configuration list for PBXNativeTarget "iOSCoreDataExistingProject" */ = {
			isa = XCConfigurationList;
			buildConfigurations = (
				EE21B71A1D8D109500B34857 /* Debug */,
				EE21B71B1D8D109500B34857 /* Release */,
			);
			defaultConfigurationIsVisible = 0;
		};
/* End XCConfigurationList section */
	};
	rootObject = EE21B6FF1D8D109500B34857 /* Project object */;
}
